// !$*UTF8*$!
{
	archiveVersion = 1;
	classes = {
	};
	objectVersion = 50;
	objects = {

/* Begin PBXBuildFile section */
		5BEABEEB240C2C1700C64543 /* AppDelegate.swift in Sources */ = {isa = PBXBuildFile; fileRef = 5BEABEEA240C2C1700C64543 /* AppDelegate.swift */; };
		5BEABEED240C2C1700C64543 /* SceneDelegate.swift in Sources */ = {isa = PBXBuildFile; fileRef = 5BEABEEC240C2C1700C64543 /* SceneDelegate.swift */; };
		5BEABEEF240C2C1700C64543 /* ViewController.swift in Sources */ = {isa = PBXBuildFile; fileRef = 5BEABEEE240C2C1700C64543 /* ViewController.swift */; };
		5BEABEF2240C2C1700C64543 /* Main.storyboard in Resources */ = {isa = PBXBuildFile; fileRef = 5BEABEF0240C2C1700C64543 /* Main.storyboard */; };
		5BEABEF4240C2C1800C64543 /* Assets.xcassets in Resources */ = {isa = PBXBuildFile; fileRef = 5BEABEF3240C2C1800C64543 /* Assets.xcassets */; };
		5BEABEF7240C2C1800C64543 /* LaunchScreen.storyboard in Resources */ = {isa = PBXBuildFile; fileRef = 5BEABEF5240C2C1800C64543 /* LaunchScreen.storyboard */; };
/* End PBXBuildFile section */

/* Begin PBXFileReference section */
		5BEABEE7240C2C1700C64543 /* UITextFieldContentType.app */ = {isa = PBXFileReference; explicitFileType = wrapper.application; includeInIndex = 0; path = UITextFieldContentType.app; sourceTree = BUILT_PRODUCTS_DIR; };
		5BEABEEA240C2C1700C64543 /* AppDelegate.swift */ = {isa = PBXFileReference; lastKnownFileType = sourcecode.swift; path = AppDelegate.swift; sourceTree = "<group>"; };
		5BEABEEC240C2C1700C64543 /* SceneDelegate.swift */ = {isa = PBXFileReference; lastKnownFileType = sourcecode.swift; path = SceneDelegate.swift; sourceTree = "<group>"; };
		5BEABEEE240C2C1700C64543 /* ViewController.swift */ = {isa = PBXFileReference; lastKnownFileType = sourcecode.swift; path = ViewController.swift; sourceTree = "<group>"; };
		5BEABEF1240C2C1700C64543 /* Base */ = {isa = PBXFileReference; lastKnownFileType = file.storyboard; name = Base; path = Base.lproj/Main.storyboard; sourceTree = "<group>"; };
		5BEABEF3240C2C1800C64543 /* Assets.xcassets */ = {isa = PBXFileReference; lastKnownFileType = folder.assetcatalog; path = Assets.xcassets; sourceTree = "<group>"; };
		5BEABEF6240C2C1800C64543 /* Base */ = {isa = PBXFileReference; lastKnownFileType = file.storyboard; name = Base; path = Base.lproj/LaunchScreen.storyboard; sourceTree = "<group>"; };
		5BEABEF8240C2C1800C64543 /* Info.plist */ = {isa = PBXFileReference; lastKnownFileType = text.plist.xml; path = Info.plist; sourceTree = "<group>"; };
		5BEABEFE240C2CD800C64543 /* UITextFieldContentType.entitlements */ = {isa = PBXFileReference; lastKnownFileType = text.plist.entitlements; path = UITextFieldContentType.entitlements; sourceTree = "<group>"; };
/* End PBXFileReference section */

/* Begin PBXFrameworksBuildPhase section */
		5BEABEE4240C2C1700C64543 /* Frameworks */ = {
			isa = PBXFrameworksBuildPhase;
			buildActionMask = 2147483647;
			files = (
			);
			runOnlyForDeploymentPostprocessing = 0;
		};
/* End PBXFrameworksBuildPhase section */

/* Begin PBXGroup section */
		5BEABEDE240C2C1700C64543 = {
			isa = PBXGroup;
			children = (
				5BEABEE9240C2C1700C64543 /* UITextFieldContentType */,
				5BEABEE8240C2C1700C64543 /* Products */,
			);
			sourceTree = "<group>";
		};
		5BEABEE8240C2C1700C64543 /* Products */ = {
			isa = PBXGroup;
			children = (
				5BEABEE7240C2C1700C64543 /* UITextFieldContentType.app */,
			);
			name = Products;
			sourceTree = "<group>";
		};
		5BEABEE9240C2C1700C64543 /* UITextFieldContentType */ = {
			isa = PBXGroup;
			children = (
				5BEABEFE240C2CD800C64543 /* UITextFieldContentType.entitlements */,
				5BEABEEA240C2C1700C64543 /* AppDelegate.swift */,
				5BEABEEC240C2C1700C64543 /* SceneDelegate.swift */,
				5BEABEEE240C2C1700C64543 /* ViewController.swift */,
				5BEABEF0240C2C1700C64543 /* Main.storyboard */,
				5BEABEF3240C2C1800C64543 /* Assets.xcassets */,
				5BEABEF5240C2C1800C64543 /* LaunchScreen.storyboard */,
				5BEABEF8240C2C1800C64543 /* Info.plist */,
			);
			path = UITextFieldContentType;
			sourceTree = "<group>";
		};
/* End PBXGroup section */

/* Begin PBXNativeTarget section */
		5BEABEE6240C2C1700C64543 /* UITextFieldContentType */ = {
			isa = PBXNativeTarget;
			buildConfigurationList = 5BEABEFB240C2C1800C64543 /* Build configuration list for PBXNativeTarget "UITextFieldContentType" */;
			buildPhases = (
				5BEABEE3240C2C1700C64543 /* Sources */,
				5BEABEE4240C2C1700C64543 /* Frameworks */,
				5BEABEE5240C2C1700C64543 /* Resources */,
			);
			buildRules = (
			);
			dependencies = (
			);
			name = UITextFieldContentType;
			productName = UITextFieldContentType;
			productReference = 5BEABEE7240C2C1700C64543 /* UITextFieldContentType.app */;
			productType = "com.apple.product-type.application";
		};
/* End PBXNativeTarget section */

/* Begin PBXProject section */
		5BEABEDF240C2C1700C64543 /* Project object */ = {
			isa = PBXProject;
			attributes = {
				LastSwiftUpdateCheck = 1130;
				LastUpgradeCheck = 1130;
				ORGANIZATIONNAME = TrailerVote;
				TargetAttributes = {
					5BEABEE6240C2C1700C64543 = {
						CreatedOnToolsVersion = 11.3.1;
					};
				};
			};
			buildConfigurationList = 5BEABEE2240C2C1700C64543 /* Build configuration list for PBXProject "UITextFieldContentType" */;
			compatibilityVersion = "Xcode 9.3";
			developmentRegion = en;
			hasScannedForEncodings = 0;
			knownRegions = (
				en,
				Base,
			);
			mainGroup = 5BEABEDE240C2C1700C64543;
			productRefGroup = 5BEABEE8240C2C1700C64543 /* Products */;
			projectDirPath = "";
			projectRoot = "";
			targets = (
				5BEABEE6240C2C1700C64543 /* UITextFieldContentType */,
			);
		};
/* End PBXProject section */

/* Begin PBXResourcesBuildPhase section */
		5BEABEE5240C2C1700C64543 /* Resources */ = {
			isa = PBXResourcesBuildPhase;
			buildActionMask = 2147483647;
			files = (
				5BEABEF7240C2C1800C64543 /* LaunchScreen.storyboard in Resources */,
				5BEABEF4240C2C1800C64543 /* Assets.xcassets in Resources */,
				5BEABEF2240C2C1700C64543 /* Main.storyboard in Resources */,
			);
			runOnlyForDeploymentPostprocessing = 0;
		};
/* End PBXResourcesBuildPhase section */

/* Begin PBXSourcesBuildPhase section */
		5BEABEE3240C2C1700C64543 /* Sources */ = {
			isa = PBXSourcesBuildPhase;
			buildActionMask = 2147483647;
			files = (
				5BEABEEF240C2C1700C64543 /* ViewController.swift in Sources */,
				5BEABEEB240C2C1700C64543 /* AppDelegate.swift in Sources */,
				5BEABEED240C2C1700C64543 /* SceneDelegate.swift in Sources */,
			);
			runOnlyForDeploymentPostprocessing = 0;
		};
/* End PBXSourcesBuildPhase section */

/* Begin PBXVariantGroup section */
		5BEABEF0240C2C1700C64543 /* Main.storyboard */ = {
			isa = PBXVariantGroup;
			children = (
				5BEABEF1240C2C1700C64543 /* Base */,
			);
			name = Main.storyboard;
			sourceTree = "<group>";
		};
		5BEABEF5240C2C1800C64543 /* LaunchScreen.storyboard */ = {
			isa = PBXVariantGroup;
			children = (
				5BEABEF6240C2C1800C64543 /* Base */,
			);
			name = LaunchScreen.storyboard;
			sourceTree = "<group>";
		};
/* End PBXVariantGroup section */

/* Begin XCBuildConfiguration section */
		5BEABEF9240C2C1800C64543 /* Debug */ = {
			isa = XCBuildConfiguration;
			buildSettings = {
				ALWAYS_SEARCH_USER_PATHS = NO;
				CLANG_ANALYZER_NONNULL = YES;
				CLANG_ANALYZER_NUMBER_OBJECT_CONVERSION = YES_AGGRESSIVE;
				CLANG_CXX_LANGUAGE_STANDARD = "gnu++14";
				CLANG_CXX_LIBRARY = "libc++";
				CLANG_ENABLE_MODULES = YES;
				CLANG_ENABLE_OBJC_ARC = YES;
				CLANG_ENABLE_OBJC_WEAK = YES;
				CLANG_WARN_BLOCK_CAPTURE_AUTORELEASING = YES;
				CLANG_WARN_BOOL_CONVERSION = YES;
				CLANG_WARN_COMMA = YES;
				CLANG_WARN_CONSTANT_CONVERSION = YES;
				CLANG_WARN_DEPRECATED_OBJC_IMPLEMENTATIONS = YES;
				CLANG_WARN_DIRECT_OBJC_ISA_USAGE = YES_ERROR;
				CLANG_WARN_DOCUMENTATION_COMMENTS = YES;
				CLANG_WARN_EMPTY_BODY = YES;
				CLANG_WARN_ENUM_CONVERSION = YES;
				CLANG_WARN_INFINITE_RECURSION = YES;
				CLANG_WARN_INT_CONVERSION = YES;
				CLANG_WARN_NON_LITERAL_NULL_CONVERSION = YES;
				CLANG_WARN_OBJC_IMPLICIT_RETAIN_SELF = YES;
				CLANG_WARN_OBJC_LITERAL_CONVERSION = YES;
				CLANG_WARN_OBJC_ROOT_CLASS = YES_ERROR;
				CLANG_WARN_RANGE_LOOP_ANALYSIS = YES;
				CLANG_WARN_STRICT_PROTOTYPES = YES;
				CLANG_WARN_SUSPICIOUS_MOVE = YES;
				CLANG_WARN_UNGUARDED_AVAILABILITY = YES_AGGRESSIVE;
				CLANG_WARN_UNREACHABLE_CODE = YES;
				CLANG_WARN__DUPLICATE_METHOD_MATCH = YES;
				COPY_PHASE_STRIP = NO;
				DEBUG_INFORMATION_FORMAT = dwarf;
				ENABLE_STRICT_OBJC_MSGSEND = YES;
				ENABLE_TESTABILITY = YES;
				GCC_C_LANGUAGE_STANDARD = gnu11;
				GCC_DYNAMIC_NO_PIC = NO;
				GCC_NO_COMMON_BLOCKS = YES;
				GCC_OPTIMIZATION_LEVEL = 0;
				GCC_PREPROCESSOR_DEFINITIONS = (
					"DEBUG=1",
					"$(inherited)",
				);
				GCC_WARN_64_TO_32_BIT_CONVERSION = YES;
				GCC_WARN_ABOUT_RETURN_TYPE = YES_ERROR;
				GCC_WARN_UNDECLARED_SELECTOR = YES;
				GCC_WARN_UNINITIALIZED_AUTOS = YES_AGGRESSIVE;
				GCC_WARN_UNUSED_FUNCTION = YES;
				GCC_WARN_UNUSED_VARIABLE = YES;
				IPHONEOS_DEPLOYMENT_TARGET = 13.2;
				MTL_ENABLE_DEBUG_INFO = INCLUDE_SOURCE;
				MTL_FAST_MATH = YES;
				ONLY_ACTIVE_ARCH = YES;
				SDKROOT = iphoneos;
				SWIFT_ACTIVE_COMPILATION_CONDITIONS = DEBUG;
				SWIFT_OPTIMIZATION_LEVEL = "-Onone";
			};
			name = Debug;
		};
		5BEABEFA240C2C1800C64543 /* Release */ = {
			isa = XCBuildConfiguration;
			buildSettings = {
				ALWAYS_SEARCH_USER_PATHS = NO;
				CLANG_ANALYZER_NONNULL = YES;
				CLANG_ANALYZER_NUMBER_OBJECT_CONVERSION = YES_AGGRESSIVE;
				CLANG_CXX_LANGUAGE_STANDARD = "gnu++14";
				CLANG_CXX_LIBRARY = "libc++";
				CLANG_ENABLE_MODULES = YES;
				CLANG_ENABLE_OBJC_ARC = YES;
				CLANG_ENABLE_OBJC_WEAK = YES;
				CLANG_WARN_BLOCK_CAPTURE_AUTORELEASING = YES;
				CLANG_WARN_BOOL_CONVERSION = YES;
				CLANG_WARN_COMMA = YES;
				CLANG_WARN_CONSTANT_CONVERSION = YES;
				CLANG_WARN_DEPRECATED_OBJC_IMPLEMENTATIONS = YES;
				CLANG_WARN_DIRECT_OBJC_ISA_USAGE = YES_ERROR;
				CLANG_WARN_DOCUMENTATION_COMMENTS = YES;
				CLANG_WARN_EMPTY_BODY = YES;
				CLANG_WARN_ENUM_CONVERSION = YES;
				CLANG_WARN_INFINITE_RECURSION = YES;
				CLANG_WARN_INT_CONVERSION = YES;
				CLANG_WARN_NON_LITERAL_NULL_CONVERSION = YES;
				CLANG_WARN_OBJC_IMPLICIT_RETAIN_SELF = YES;
				CLANG_WARN_OBJC_LITERAL_CONVERSION = YES;
				CLANG_WARN_OBJC_ROOT_CLASS = YES_ERROR;
				CLANG_WARN_RANGE_LOOP_ANALYSIS = YES;
				CLANG_WARN_STRICT_PROTOTYPES = YES;
				CLANG_WARN_SUSPICIOUS_MOVE = YES;
				CLANG_WARN_UNGUARDED_AVAILABILITY = YES_AGGRESSIVE;
				CLANG_WARN_UNREACHABLE_CODE = YES;
				CLANG_WARN__DUPLICATE_METHOD_MATCH = YES;
				COPY_PHASE_STRIP = NO;
				DEBUG_INFORMATION_FORMAT = "dwarf-with-dsym";
				ENABLE_NS_ASSERTIONS = NO;
				ENABLE_STRICT_OBJC_MSGSEND = YES;
				GCC_C_LANGUAGE_STANDARD = gnu11;
				GCC_NO_COMMON_BLOCKS = YES;
				GCC_WARN_64_TO_32_BIT_CONVERSION = YES;
				GCC_WARN_ABOUT_RETURN_TYPE = YES_ERROR;
				GCC_WARN_UNDECLARED_SELECTOR = YES;
				GCC_WARN_UNINITIALIZED_AUTOS = YES_AGGRESSIVE;
				GCC_WARN_UNUSED_FUNCTION = YES;
				GCC_WARN_UNUSED_VARIABLE = YES;
				IPHONEOS_DEPLOYMENT_TARGET = 13.2;
				MTL_ENABLE_DEBUG_INFO = NO;
				MTL_FAST_MATH = YES;
				SDKROOT = iphoneos;
				SWIFT_COMPILATION_MODE = wholemodule;
				SWIFT_OPTIMIZATION_LEVEL = "-O";
				VALIDATE_PRODUCT = YES;
			};
			name = Release;
		};
		5BEABEFC240C2C1800C64543 /* Debug */ = {
			isa = XCBuildConfiguration;
			buildSettings = {
				ASSETCATALOG_COMPILER_APPICON_NAME = AppIcon;
				CODE_SIGN_ENTITLEMENTS = UITextFieldContentType/UITextFieldContentType.entitlements;
				CODE_SIGN_STYLE = Automatic;
				DEVELOPMENT_TEAM = 6Q33NP7377;
				INFOPLIST_FILE = UITextFieldContentType/Info.plist;
				LD_RUNPATH_SEARCH_PATHS = (
					"$(inherited)",
					"@executable_path/Frameworks",
				);
				PRODUCT_BUNDLE_IDENTIFIER = com.TrailerVote.UITextFieldContentType;
				PRODUCT_NAME = "$(TARGET_NAME)";
				SWIFT_VERSION = 5.0;
				TARGETED_DEVICE_FAMILY = "1,2";
			};
			name = Debug;
		};
		5BEABEFD240C2C1800C64543 /* Release */ = {
			isa = XCBuildConfiguration;
			buildSettings = {
				ASSETCATALOG_COMPILER_APPICON_NAME = AppIcon;
				CODE_SIGN_ENTITLEMENTS = UITextFieldContentType/UITextFieldContentType.entitlements;
				CODE_SIGN_STYLE = Automatic;
				DEVELOPMENT_TEAM = 6Q33NP7377;
				INFOPLIST_FILE = UITextFieldContentType/Info.plist;
				LD_RUNPATH_SEARCH_PATHS = (
					"$(inherited)",
					"@executable_path/Frameworks",
				);
				PRODUCT_BUNDLE_IDENTIFIER = com.TrailerVote.UITextFieldContentType;
				PRODUCT_NAME = "$(TARGET_NAME)";
				SWIFT_VERSION = 5.0;
				TARGETED_DEVICE_FAMILY = "1,2";
			};
			name = Release;
		};
/* End XCBuildConfiguration section */

/* Begin XCConfigurationList section */
		5BEABEE2240C2C1700C64543 /* Build configuration list for PBXProject "UITextFieldContentType" */ = {
			isa = XCConfigurationList;
			buildConfigurations = (
				5BEABEF9240C2C1800C64543 /* Debug */,
				5BEABEFA240C2C1800C64543 /* Release */,
			);
			defaultConfigurationIsVisible = 0;
			defaultConfigurationName = Release;
		};
		5BEABEFB240C2C1800C64543 /* Build configuration list for PBXNativeTarget "UITextFieldContentType" */ = {
			isa = XCConfigurationList;
			buildConfigurations = (
				5BEABEFC240C2C1800C64543 /* Debug */,
				5BEABEFD240C2C1800C64543 /* Release */,
			);
			defaultConfigurationIsVisible = 0;
			defaultConfigurationName = Release;
		};
/* End XCConfigurationList section */
	};
	rootObject = 5BEABEDF240C2C1700C64543 /* Project object */;
}
